Microsoft Visual Studio Solution File, Format Version 11.00
# Visual Studio 2008

Project("{439B3A25-B555-B3BC-8667-A09A036AE70C}") = "unity", "Assembly-CSharp-firstpass.csproj", "{518622B2-9050-A153-E465-3E4BD155181A}"
EndProject
Project("{439B3A25-B555-B3BC-8667-A09A036AE70C}") = "unity", "Assembly-CSharp.csproj", "{C3DA89E1-70C6-7D6C-993E-C8F831D35880}"
EndProject
Project("{439B3A25-B555-B3BC-8667-A09A036AE70C}") = "unity", "Assembly-CSharp-Editor.csproj", "{33C3DCDC-76CB-1FCD-751B-4E7E18D0E2DF}"
EndProject
Global
	GlobalSection(SolutionConfigurationPlatforms) = preSolution
		Debug|Any CPU = Debug|Any CPU
		Release|Any CPU = Release|Any CPU
	EndGlobalSection
	GlobalSection(ProjectConfigurationPlatforms) = postSolution
		{518622B2-9050-A153-E465-3E4BD155181A}.Debug|Any CPU.ActiveCfg = Debug|Any CPU
		{518622B2-9050-A153-E465-3E4BD155181A}.Debug|Any CPU.Build.0 = Debug|Any CPU
		{518622B2-9050-A153-E465-3E4BD155181A}.Release|Any CPU.ActiveCfg = Release|Any CPU
		{518622B2-9050-A153-E465-3E4BD155181A}.Release|Any CPU.Build.0 = Release|Any CPU
		{C3DA89E1-70C6-7D6C-993E-C8F831D35880}.Debug|Any CPU.ActiveCfg = Debug|Any CPU
		{C3DA89E1-70C6-7D6C-993E-C8F831D35880}.Debug|Any CPU.Build.0 = Debug|Any CPU
		{C3DA89E1-70C6-7D6C-993E-C8F831D35880}.Release|Any CPU.ActiveCfg = Release|Any CPU
		{C3DA89E1-70C6-7D6C-993E-C8F831D35880}.Release|Any CPU.Build.0 = Release|Any CPU
		{33C3DCDC-76CB-1FCD-751B-4E7E18D0E2DF}.Debug|Any CPU.ActiveCfg = Debug|Any CPU
		{33C3DCDC-76CB-1FCD-751B-4E7E18D0E2DF}.Debug|Any CPU.Build.0 = Debug|Any CPU
		{33C3DCDC-76CB-1FCD-751B-4E7E18D0E2DF}.Release|Any CPU.ActiveCfg = Release|Any CPU
		{33C3DCDC-76CB-1FCD-751B-4E7E18D0E2DF}.Release|Any CPU.Build.0 = Release|Any CPU
	EndGlobalSection
	GlobalSection(SolutionProperties) = preSolution
		HideSolutionNode = FALSE
	EndGlobalSection
																																																																																																																																																																																																																		GlobalSection(MonoDevelopProperties) = preSolution
		StartupItem = Assembly-CSharp.csproj
		Policies = $0
		$0.TextStylePolicy = $1
		$1.inheritsSet = null
		$1.scope = text/x-csharp
		$0.CSharpFormattingPolicy = $2
		$2.inheritsSet = Mono
		$2.inheritsScope = text/x-csharp
		$2.scope = text/x-csharp
		$0.TextStylePolicy = $3
		$3.FileWidth = 120
		$3.TabWidth = 4
		$3.IndentWidth = 4
		$3.EolMarker = Unix
		$3.inheritsSet = Mono
		$3.inheritsScope = text/plain
		$3.scope = text/plain
	EndGlobalSection

EndGlobal
